// !$*UTF8*$!
{
	archiveVersion = 1;
	classes = {
	};
	objectVersion = 46;
	objects = {

/* Begin PBXBuildFile section */
		F300E1AB1C2EBB6200D64F71 /* 100chiyodaku.png in Resources */ = {isa = PBXBuildFile; fileRef = F300E1A91C2EBB6200D64F71 /* 100chiyodaku.png */; };
		F300E1AC1C2EBB6200D64F71 /* 100cyuouku.png in Resources */ = {isa = PBXBuildFile; fileRef = F300E1AA1C2EBB6200D64F71 /* 100cyuouku.png */; };
		F300E1AE1C2EBB6E00D64F71 /* cyoufu.png in Resources */ = {isa = PBXBuildFile; fileRef = F300E1AD1C2EBB6E00D64F71 /* cyoufu.png */; };
		F300E1B01C2EBBCE00D64F71 /* 100higasiyamato.png in Resources */ = {isa = PBXBuildFile; fileRef = F300E1AF1C2EBBCE00D64F71 /* 100higasiyamato.png */; };
		F3108C5C1C251A52007EA0DE /* resultViewController.m in Sources */ = {isa = PBXBuildFile; fileRef = F3108C5B1C251A52007EA0DE /* resultViewController.m */; };
		F3FCB5E41C23CEC300BD9BC2 /* main.m in Sources */ = {isa = PBXBuildFile; fileRef = F3FCB5E31C23CEC300BD9BC2 /* main.m */; };
		F3FCB5E71C23CEC300BD9BC2 /* AppDelegate.m in Sources */ = {isa = PBXBuildFile; fileRef = F3FCB5E61C23CEC300BD9BC2 /* AppDelegate.m */; };
		F3FCB5EA1C23CEC300BD9BC2 /* ViewController.m in Sources */ = {isa = PBXBuildFile; fileRef = F3FCB5E91C23CEC300BD9BC2 /* ViewController.m */; };
		F3FCB5ED1C23CEC300BD9BC2 /* Main.storyboard in Resources */ = {isa = PBXBuildFile; fileRef = F3FCB5EB1C23CEC300BD9BC2 /* Main.storyboard */; };
		F3FCB5EF1C23CEC300BD9BC2 /* Assets.xcassets in Resources */ = {isa = PBXBuildFile; fileRef = F3FCB5EE1C23CEC300BD9BC2 /* Assets.xcassets */; };
		F3FCB5F21C23CEC300BD9BC2 /* LaunchScreen.storyboard in Resources */ = {isa = PBXBuildFile; fileRef = F3FCB5F01C23CEC300BD9BC2 /* LaunchScreen.storyboard */; };
/* End PBXBuildFile section */

/* Begin PBXFileReference section */
		F300E1A91C2EBB6200D64F71 /* 100chiyodaku.png */ = {isa = PBXFileReference; lastKnownFileType = image.png; path = 100chiyodaku.png; sourceTree = "<group>"; };
		F300E1AA1C2EBB6200D64F71 /* 100cyuouku.png */ = {isa = PBXFileReference; lastKnownFileType = image.png; path = 100cyuouku.png; sourceTree = "<group>"; };
		F300E1AD1C2EBB6E00D64F71 /* cyoufu.png */ = {isa = PBXFileReference; lastKnownFileType = image.png; path = cyoufu.png; sourceTree = "<group>"; };
		F300E1AF1C2EBBCE00D64F71 /* 100higasiyamato.png */ = {isa = PBXFileReference; lastKnownFileType = image.png; path = 100higasiyamato.png; sourceTree = "<group>"; };
		F3108C5A1C251A52007EA0DE /* resultViewController.h */ = {isa = PBXFileReference; fileEncoding = 4; lastKnownFileType = sourcecode.c.h; path = resultViewController.h; sourceTree = "<group>"; };
		F3108C5B1C251A52007EA0DE /* resultViewController.m */ = {isa = PBXFileReference; fileEncoding = 4; lastKnownFileType = sourcecode.c.objc; path = resultViewController.m; sourceTree = "<group>"; };
		F3FCB5DF1C23CEC300BD9BC2 /* QuizApp.app */ = {isa = PBXFileReference; explicitFileType = wrapper.application; includeInIndex = 0; path = QuizApp.app; sourceTree = BUILT_PRODUCTS_DIR; };
		F3FCB5E31C23CEC300BD9BC2 /* main.m */ = {isa = PBXFileReference; lastKnownFileType = sourcecode.c.objc; path = main.m; sourceTree = "<group>"; };
		F3FCB5E51C23CEC300BD9BC2 /* AppDelegate.h */ = {isa = PBXFileReference; lastKnownFileType = sourcecode.c.h; path = AppDelegate.h; sourceTree = "<group>"; };
		F3FCB5E61C23CEC300BD9BC2 /* AppDelegate.m */ = {isa = PBXFileReference; lastKnownFileType = sourcecode.c.objc; path = AppDelegate.m; sourceTree = "<group>"; };
		F3FCB5E81C23CEC300BD9BC2 /* ViewController.h */ = {isa = PBXFileReference; lastKnownFileType = sourcecode.c.h; path = ViewController.h; sourceTree = "<group>"; };
		F3FCB5E91C23CEC300BD9BC2 /* ViewController.m */ = {isa = PBXFileReference; lastKnownFileType = sourcecode.c.objc; path = ViewController.m; sourceTree = "<group>"; };
		F3FCB5EC1C23CEC300BD9BC2 /* Base */ = {isa = PBXFileReference; lastKnownFileType = file.storyboard; name = Base; path = Base.lproj/Main.storyboard; sourceTree = "<group>"; };
		F3FCB5EE1C23CEC300BD9BC2 /* Assets.xcassets */ = {isa = PBXFileReference; lastKnownFileType = folder.assetcatalog; path = Assets.xcassets; sourceTree = "<group>"; };
		F3FCB5F11C23CEC300BD9BC2 /* Base */ = {isa = PBXFileReference; lastKnownFileType = file.storyboard; name = Base; path = Base.lproj/LaunchScreen.storyboard; sourceTree = "<group>"; };
		F3FCB5F31C23CEC300BD9BC2 /* Info.plist */ = {isa = PBXFileReference; lastKnownFileType = text.plist.xml; path = Info.plist; sourceTree = "<group>"; };
/* End PBXFileReference section */

/* Begin PBXFrameworksBuildPhase section */
		F3FCB5DC1C23CEC300BD9BC2 /* Frameworks */ = {
			isa = PBXFrameworksBuildPhase;
			buildActionMask = 2147483647;
			files = (
			);
			runOnlyForDeploymentPostprocessing = 0;
		};
/* End PBXFrameworksBuildPhase section */

/* Begin PBXGroup section */
		F3FCB5D61C23CEC300BD9BC2 = {
			isa = PBXGroup;
			children = (
				F3FCB5E11C23CEC300BD9BC2 /* QuizApp */,
				F3FCB5E01C23CEC300BD9BC2 /* Products */,
				F300E1A91C2EBB6200D64F71 /* 100chiyodaku.png */,
				F300E1AA1C2EBB6200D64F71 /* 100cyuouku.png */,
				F300E1AF1C2EBBCE00D64F71 /* 100higasiyamato.png */,
				F300E1AD1C2EBB6E00D64F71 /* cyoufu.png */,
			);
			sourceTree = "<group>";
		};
		F3FCB5E01C23CEC300BD9BC2 /* Products */ = {
			isa = PBXGroup;
			children = (
				F3FCB5DF1C23CEC300BD9BC2 /* QuizApp.app */,
			);
			name = Products;
			sourceTree = "<group>";
		};
		F3FCB5E11C23CEC300BD9BC2 /* QuizApp */ = {
			isa = PBXGroup;
			children = (
				F3FCB5E51C23CEC300BD9BC2 /* AppDelegate.h */,
				F3FCB5E61C23CEC300BD9BC2 /* AppDelegate.m */,
				F3FCB5E81C23CEC300BD9BC2 /* ViewController.h */,
				F3FCB5E91C23CEC300BD9BC2 /* ViewController.m */,
				F3108C5A1C251A52007EA0DE /* resultViewController.h */,
				F3108C5B1C251A52007EA0DE /* resultViewController.m */,
				F3FCB5EB1C23CEC300BD9BC2 /* Main.storyboard */,
				F3FCB5EE1C23CEC300BD9BC2 /* Assets.xcassets */,
				F3FCB5F01C23CEC300BD9BC2 /* LaunchScreen.storyboard */,
				F3FCB5F31C23CEC300BD9BC2 /* Info.plist */,
				F3FCB5E21C23CEC300BD9BC2 /* Supporting Files */,
			);
			path = QuizApp;
			sourceTree = "<group>";
		};
		F3FCB5E21C23CEC300BD9BC2 /* Supporting Files */ = {
			isa = PBXGroup;
			children = (
				F3FCB5E31C23CEC300BD9BC2 /* main.m */,
			);
			name = "Supporting Files";
			sourceTree = "<group>";
		};
/* End PBXGroup section */

/* Begin PBXNativeTarget section */
		F3FCB5DE1C23CEC300BD9BC2 /* QuizApp */ = {
			isa = PBXNativeTarget;
			buildConfigurationList = F3FCB5F61C23CEC300BD9BC2 /* Build configuration list for PBXNativeTarget "QuizApp" */;
			buildPhases = (
				F3FCB5DB1C23CEC300BD9BC2 /* Sources */,
				F3FCB5DC1C23CEC300BD9BC2 /* Frameworks */,
				F3FCB5DD1C23CEC300BD9BC2 /* Resources */,
			);
			buildRules = (
			);
			dependencies = (
			);
			name = QuizApp;
			productName = QuizApp;
			productReference = F3FCB5DF1C23CEC300BD9BC2 /* QuizApp.app */;
			productType = "com.apple.product-type.application";
		};
/* End PBXNativeTarget section */

/* Begin PBXProject section */
		F3FCB5D71C23CEC300BD9BC2 /* Project object */ = {
			isa = PBXProject;
			attributes = {
				LastUpgradeCheck = 0720;
				ORGANIZATIONNAME = nakayama;
				TargetAttributes = {
					F3FCB5DE1C23CEC300BD9BC2 = {
						CreatedOnToolsVersion = 7.2;
					};
				};
			};
			buildConfigurationList = F3FCB5DA1C23CEC300BD9BC2 /* Build configuration list for PBXProject "QuizApp" */;
			compatibilityVersion = "Xcode 3.2";
			developmentRegion = English;
			hasScannedForEncodings = 0;
			knownRegions = (
				en,
				Base,
			);
			mainGroup = F3FCB5D61C23CEC300BD9BC2;
			productRefGroup = F3FCB5E01C23CEC300BD9BC2 /* Products */;
			projectDirPath = "";
			projectRoot = "";
			targets = (
				F3FCB5DE1C23CEC300BD9BC2 /* QuizApp */,
			);
		};
/* End PBXProject section */

/* Begin PBXResourcesBuildPhase section */
		F3FCB5DD1C23CEC300BD9BC2 /* Resources */ = {
			isa = PBXResourcesBuildPhase;
			buildActionMask = 2147483647;
			files = (
				F3FCB5F21C23CEC300BD9BC2 /* LaunchScreen.storyboard in Resources */,
				F300E1AB1C2EBB6200D64F71 /* 100chiyodaku.png in Resources */,
				F300E1AE1C2EBB6E00D64F71 /* cyoufu.png in Resources */,
				F3FCB5EF1C23CEC300BD9BC2 /* Assets.xcassets in Resources */,
				F300E1AC1C2EBB6200D64F71 /* 100cyuouku.png in Resources */,
				F3FCB5ED1C23CEC300BD9BC2 /* Main.storyboard in Resources */,
				F300E1B01C2EBBCE00D64F71 /* 100higasiyamato.png in Resources */,
			);
			runOnlyForDeploymentPostprocessing = 0;
		};
/* End PBXResourcesBuildPhase section */

/* Begin PBXSourcesBuildPhase section */
		F3FCB5DB1C23CEC300BD9BC2 /* Sources */ = {
			isa = PBXSourcesBuildPhase;
			buildActionMask = 2147483647;
			files = (
				F3FCB5EA1C23CEC300BD9BC2 /* ViewController.m in Sources */,
				F3FCB5E71C23CEC300BD9BC2 /* AppDelegate.m in Sources */,
				F3FCB5E41C23CEC300BD9BC2 /* main.m in Sources */,
				F3108C5C1C251A52007EA0DE /* resultViewController.m in Sources */,
			);
			runOnlyForDeploymentPostprocessing = 0;
		};
/* End PBXSourcesBuildPhase section */

/* Begin PBXVariantGroup section */
		F3FCB5EB1C23CEC300BD9BC2 /* Main.storyboard */ = {
			isa = PBXVariantGroup;
			children = (
				F3FCB5EC1C23CEC300BD9BC2 /* Base */,
			);
			name = Main.storyboard;
			sourceTree = "<group>";
		};
		F3FCB5F01C23CEC300BD9BC2 /* LaunchScreen.storyboard */ = {
			isa = PBXVariantGroup;
			children = (
				F3FCB5F11C23CEC300BD9BC2 /* Base */,
			);
			name = LaunchScreen.storyboard;
			sourceTree = "<group>";
		};
/* End PBXVariantGroup section */

/* Begin XCBuildConfiguration section */
		F3FCB5F41C23CEC300BD9BC2 /* Debug */ = {
			isa = XCBuildConfiguration;
			buildSettings = {
				ALWAYS_SEARCH_USER_PATHS = NO;
				CLANG_CXX_LANGUAGE_STANDARD = "gnu++0x";
				CLANG_CXX_LIBRARY = "libc++";
				CLANG_ENABLE_MODULES = YES;
				CLANG_ENABLE_OBJC_ARC = YES;
				CLANG_WARN_BOOL_CONVERSION = YES;
				CLANG_WARN_CONSTANT_CONVERSION = YES;
				CLANG_WARN_DIRECT_OBJC_ISA_USAGE = YES_ERROR;
				CLANG_WARN_EMPTY_BODY = YES;
				CLANG_WARN_ENUM_CONVERSION = YES;
				CLANG_WARN_INT_CONVERSION = YES;
				CLANG_WARN_OBJC_ROOT_CLASS = YES_ERROR;
				CLANG_WARN_UNREACHABLE_CODE = YES;
				CLANG_WARN__DUPLICATE_METHOD_MATCH = YES;
				"CODE_SIGN_IDENTITY[sdk=iphoneos*]" = "iPhone Developer";
				COPY_PHASE_STRIP = NO;
				DEBUG_INFORMATION_FORMAT = dwarf;
				ENABLE_STRICT_OBJC_MSGSEND = YES;
				ENABLE_TESTABILITY = YES;
				GCC_C_LANGUAGE_STANDARD = gnu99;
				GCC_DYNAMIC_NO_PIC = NO;
				GCC_NO_COMMON_BLOCKS = YES;
				GCC_OPTIMIZATION_LEVEL = 0;
				GCC_PREPROCESSOR_DEFINITIONS = (
					"DEBUG=1",
					"$(inherited)",
				);
				GCC_WARN_64_TO_32_BIT_CONVERSION = YES;
				GCC_WARN_ABOUT_RETURN_TYPE = YES_ERROR;
				GCC_WARN_UNDECLARED_SELECTOR = YES;
				GCC_WARN_UNINITIALIZED_AUTOS = YES_AGGRESSIVE;
				GCC_WARN_UNUSED_FUNCTION = YES;
				GCC_WARN_UNUSED_VARIABLE = YES;
				IPHONEOS_DEPLOYMENT_TARGET = 9.2;
				MTL_ENABLE_DEBUG_INFO = YES;
				ONLY_ACTIVE_ARCH = YES;
				SDKROOT = iphoneos;
			};
			name = Debug;
		};
		F3FCB5F51C23CEC300BD9BC2 /* Release */ = {
			isa = XCBuildConfiguration;
			buildSettings = {
				ALWAYS_SEARCH_USER_PATHS = NO;
				CLANG_CXX_LANGUAGE_STANDARD = "gnu++0x";
				CLANG_CXX_LIBRARY = "libc++";
				CLANG_ENABLE_MODULES = YES;
				CLANG_ENABLE_OBJC_ARC = YES;
				CLANG_WARN_BOOL_CONVERSION = YES;
				CLANG_WARN_CONSTANT_CONVERSION = YES;
				CLANG_WARN_DIRECT_OBJC_ISA_USAGE = YES_ERROR;
				CLANG_WARN_EMPTY_BODY = YES;
				CLANG_WARN_ENUM_CONVERSION = YES;
				CLANG_WARN_INT_CONVERSION = YES;
				CLANG_WARN_OBJC_ROOT_CLASS = YES_ERROR;
				CLANG_WARN_UNREACHABLE_CODE = YES;
				CLANG_WARN__DUPLICATE_METHOD_MATCH = YES;
				"CODE_SIGN_IDENTITY[sdk=iphoneos*]" = "iPhone Developer";
				COPY_PHASE_STRIP = NO;
				DEBUG_INFORMATION_FORMAT = "dwarf-with-dsym";
				ENABLE_NS_ASSERTIONS = NO;
				ENABLE_STRICT_OBJC_MSGSEND = YES;
				GCC_C_LANGUAGE_STANDARD = gnu99;
				GCC_NO_COMMON_BLOCKS = YES;
				GCC_WARN_64_TO_32_BIT_CONVERSION = YES;
				GCC_WARN_ABOUT_RETURN_TYPE = YES_ERROR;
				GCC_WARN_UNDECLARED_SELECTOR = YES;
				GCC_WARN_UNINITIALIZED_AUTOS = YES_AGGRESSIVE;
				GCC_WARN_UNUSED_FUNCTION = YES;
				GCC_WARN_UNUSED_VARIABLE = YES;
				IPHONEOS_DEPLOYMENT_TARGET = 9.2;
				MTL_ENABLE_DEBUG_INFO = NO;
				SDKROOT = iphoneos;
				VALIDATE_PRODUCT = YES;
			};
			name = Release;
		};
		F3FCB5F71C23CEC300BD9BC2 /* Debug */ = {
			isa = XCBuildConfiguration;
			buildSettings = {
				ASSETCATALOG_COMPILER_APPICON_NAME = AppIcon;
				INFOPLIST_FILE = QuizApp/Info.plist;
				LD_RUNPATH_SEARCH_PATHS = "$(inherited) @executable_path/Frameworks";
				PRODUCT_BUNDLE_IDENTIFIER = com.nakayama.QuizApp;
				PRODUCT_NAME = "$(TARGET_NAME)";
			};
			name = Debug;
		};
		F3FCB5F81C23CEC300BD9BC2 /* Release */ = {
			isa = XCBuildConfiguration;
			buildSettings = {
				ASSETCATALOG_COMPILER_APPICON_NAME = AppIcon;
				INFOPLIST_FILE = QuizApp/Info.plist;
				LD_RUNPATH_SEARCH_PATHS = "$(inherited) @executable_path/Frameworks";
				PRODUCT_BUNDLE_IDENTIFIER = com.nakayama.QuizApp;
				PRODUCT_NAME = "$(TARGET_NAME)";
			};
			name = Release;
		};
/* End XCBuildConfiguration section */

/* Begin XCConfigurationList section */
		F3FCB5DA1C23CEC300BD9BC2 /* Build configuration list for PBXProject "QuizApp" */ = {
			isa = XCConfigurationList;
			buildConfigurations = (
				F3FCB5F41C23CEC300BD9BC2 /* Debug */,
				F3FCB5F51C23CEC300BD9BC2 /* Release */,
			);
			defaultConfigurationIsVisible = 0;
			defaultConfigurationName = Release;
		};
		F3FCB5F61C23CEC300BD9BC2 /* Build configuration list for PBXNativeTarget "QuizApp" */ = {
			isa = XCConfigurationList;
			buildConfigurations = (
				F3FCB5F71C23CEC300BD9BC2 /* Debug */,
				F3FCB5F81C23CEC300BD9BC2 /* Release */,
			);
			defaultConfigurationIsVisible = 0;
			defaultConfigurationName = Release;
		};
/* End XCConfigurationList section */
	};
	rootObject = F3FCB5D71C23CEC300BD9BC2 /* Project object */;
}
